
Microsoft Visual Studio Solution File, Format Version 12.00
# Visual Studio 15
VisualStudioVersion = 15.0.28307.645
MinimumVisualStudioVersion = 10.0.40219.1
Project("{FAE04EC0-301F-11D3-BF4B-00C04F79EFBC}") = "WebApplication1", "WebApplication1\WebApplication1.csproj", "{6DE654A5-CD6D-4377-9EDD-B32AA00AA547}"
EndProject
Project("{FAE04EC0-301F-11D3-BF4B-00C04F79EFBC}") = "mes", "mes\mes.csproj", "{E1370111-13A9-466F-B528-62A0E874728F}"
EndProject
Global
	GlobalSection(SolutionConfigurationPlatforms) = preSolution
		Debug|Any CPU = Debug|Any CPU
		Release|Any CPU = Release|Any CPU
	EndGlobalSection
	GlobalSection(ProjectConfigurationPlatforms) = postSolution
		{6DE654A5-CD6D-4377-9EDD-B32AA00AA547}.Debug|Any CPU.ActiveCfg = Debug|Any CPU
		{6DE654A5-CD6D-4377-9EDD-B32AA00AA547}.Debug|Any CPU.Build.0 = Debug|Any CPU
		{6DE654A5-CD6D-4377-9EDD-B32AA00AA547}.Release|Any CPU.ActiveCfg = Release|Any CPU
		{6DE654A5-CD6D-4377-9EDD-B32AA00AA547}.Release|Any CPU.Build.0 = Release|Any CPU
		{E1370111-13A9-466F-B528-62A0E874728F}.Debug|Any CPU.ActiveCfg = Debug|Any CPU
		{E1370111-13A9-466F-B528-62A0E874728F}.Debug|Any CPU.Build.0 = Debug|Any CPU
		{E1370111-13A9-466F-B528-62A0E874728F}.Release|Any CPU.ActiveCfg = Release|Any CPU
		{E1370111-13A9-466F-B528-62A0E874728F}.Release|Any CPU.Build.0 = Release|Any CPU
	EndGlobalSection
	GlobalSection(SolutionProperties) = preSolution
		HideSolutionNode = FALSE
	EndGlobalSection
	GlobalSection(ExtensibilityGlobals) = postSolution
		SolutionGuid = {CDCFC242-EB1F-4758-BFA8-94A5A01A0433}
	EndGlobalSection
EndGlobal
